// !$*UTF8*$!
{
	archiveVersion = 1;
	classes = {
	};
	objectVersion = 52;
	objects = {

/* Begin PBXBuildFile section */
		2B1D3B83F35266D776EF8A2C /* Pods_InstagramTests.framework in Frameworks */ = {isa = PBXBuildFile; fileRef = 434631765D6283E0AE39C53A /* Pods_InstagramTests.framework */; };
		56BD5890B9504F446BC15455 /* Pods_InstagramUITests.framework in Frameworks */ = {isa = PBXBuildFile; fileRef = 64FD12C0F63BFFB8EF630DBC /* Pods_InstagramUITests.framework */; };
		C10C546323D079D9005205C1 /* AppDelegate.swift in Sources */ = {isa = PBXBuildFile; fileRef = C10C546223D079D9005205C1 /* AppDelegate.swift */; };
		C10C546523D079D9005205C1 /* SceneDelegate.swift in Sources */ = {isa = PBXBuildFile; fileRef = C10C546423D079D9005205C1 /* SceneDelegate.swift */; };
		C10C546723D079D9005205C1 /* ContentView.swift in Sources */ = {isa = PBXBuildFile; fileRef = C10C546623D079D9005205C1 /* ContentView.swift */; };
		C10C546923D079EB005205C1 /* Assets.xcassets in Resources */ = {isa = PBXBuildFile; fileRef = C10C546823D079EB005205C1 /* Assets.xcassets */; };
		C10C546C23D079EC005205C1 /* Preview Assets.xcassets in Resources */ = {isa = PBXBuildFile; fileRef = C10C546B23D079EC005205C1 /* Preview Assets.xcassets */; };
		C10C546F23D079EC005205C1 /* LaunchScreen.storyboard in Resources */ = {isa = PBXBuildFile; fileRef = C10C546D23D079EC005205C1 /* LaunchScreen.storyboard */; };
		C10C547A23D079EC005205C1 /* InstagramTests.swift in Sources */ = {isa = PBXBuildFile; fileRef = C10C547923D079EC005205C1 /* InstagramTests.swift */; };
		C10C548523D079EC005205C1 /* InstagramUITests.swift in Sources */ = {isa = PBXBuildFile; fileRef = C10C548423D079EC005205C1 /* InstagramUITests.swift */; };
		C10C549323D07B0F005205C1 /* GoogleService-Info.plist in Resources */ = {isa = PBXBuildFile; fileRef = C10C549223D07B0F005205C1 /* GoogleService-Info.plist */; };
		C1CD9C2723D57D6F00215666 /* SDWebImageSwiftUI in Frameworks */ = {isa = PBXBuildFile; productRef = C1CD9C2623D57D6F00215666 /* SDWebImageSwiftUI */; };
		DF6DB287D78A455FED1617C6 /* Pods_Instagram.framework in Frameworks */ = {isa = PBXBuildFile; fileRef = B66B5178D31FC074BD9A360B /* Pods_Instagram.framework */; };
/* End PBXBuildFile section */

/* Begin PBXContainerItemProxy section */
		C10C547623D079EC005205C1 /* PBXContainerItemProxy */ = {
			isa = PBXContainerItemProxy;
			containerPortal = C10C545723D079D9005205C1 /* Project object */;
			proxyType = 1;
			remoteGlobalIDString = C10C545E23D079D9005205C1;
			remoteInfo = Instagram;
		};
		C10C548123D079EC005205C1 /* PBXContainerItemProxy */ = {
			isa = PBXContainerItemProxy;
			containerPortal = C10C545723D079D9005205C1 /* Project object */;
			proxyType = 1;
			remoteGlobalIDString = C10C545E23D079D9005205C1;
			remoteInfo = Instagram;
		};
/* End PBXContainerItemProxy section */

/* Begin PBXFileReference section */
		2B55BD69D1985229E81A2603 /* Pods-InstagramTests.debug.xcconfig */ = {isa = PBXFileReference; includeInIndex = 1; lastKnownFileType = text.xcconfig; name = "Pods-InstagramTests.debug.xcconfig"; path = "Target Support Files/Pods-InstagramTests/Pods-InstagramTests.debug.xcconfig"; sourceTree = "<group>"; };
		2FA064D2D96719CD1A7F2B3A /* Pods-InstagramUITests.release.xcconfig */ = {isa = PBXFileReference; includeInIndex = 1; lastKnownFileType = text.xcconfig; name = "Pods-InstagramUITests.release.xcconfig"; path = "Target Support Files/Pods-InstagramUITests/Pods-InstagramUITests.release.xcconfig"; sourceTree = "<group>"; };
		33A3B0509259DCDB5BE33750 /* Pods-Instagram.debug.xcconfig */ = {isa = PBXFileReference; includeInIndex = 1; lastKnownFileType = text.xcconfig; name = "Pods-Instagram.debug.xcconfig"; path = "Target Support Files/Pods-Instagram/Pods-Instagram.debug.xcconfig"; sourceTree = "<group>"; };
		434631765D6283E0AE39C53A /* Pods_InstagramTests.framework */ = {isa = PBXFileReference; explicitFileType = wrapper.framework; includeInIndex = 0; path = Pods_InstagramTests.framework; sourceTree = BUILT_PRODUCTS_DIR; };
		477428C00B421BD798A62C3B /* Pods-InstagramTests.release.xcconfig */ = {isa = PBXFileReference; includeInIndex = 1; lastKnownFileType = text.xcconfig; name = "Pods-InstagramTests.release.xcconfig"; path = "Target Support Files/Pods-InstagramTests/Pods-InstagramTests.release.xcconfig"; sourceTree = "<group>"; };
		64FD12C0F63BFFB8EF630DBC /* Pods_InstagramUITests.framework */ = {isa = PBXFileReference; explicitFileType = wrapper.framework; includeInIndex = 0; path = Pods_InstagramUITests.framework; sourceTree = BUILT_PRODUCTS_DIR; };
		B66B5178D31FC074BD9A360B /* Pods_Instagram.framework */ = {isa = PBXFileReference; explicitFileType = wrapper.framework; includeInIndex = 0; path = Pods_Instagram.framework; sourceTree = BUILT_PRODUCTS_DIR; };
		BA3E7632E30A152DC3022599 /* Pods-Instagram.release.xcconfig */ = {isa = PBXFileReference; includeInIndex = 1; lastKnownFileType = text.xcconfig; name = "Pods-Instagram.release.xcconfig"; path = "Target Support Files/Pods-Instagram/Pods-Instagram.release.xcconfig"; sourceTree = "<group>"; };
		C10C545F23D079D9005205C1 /* Instagram.app */ = {isa = PBXFileReference; explicitFileType = wrapper.application; includeInIndex = 0; path = Instagram.app; sourceTree = BUILT_PRODUCTS_DIR; };
		C10C546223D079D9005205C1 /* AppDelegate.swift */ = {isa = PBXFileReference; lastKnownFileType = sourcecode.swift; path = AppDelegate.swift; sourceTree = "<group>"; };
		C10C546423D079D9005205C1 /* SceneDelegate.swift */ = {isa = PBXFileReference; lastKnownFileType = sourcecode.swift; path = SceneDelegate.swift; sourceTree = "<group>"; };
		C10C546623D079D9005205C1 /* ContentView.swift */ = {isa = PBXFileReference; lastKnownFileType = sourcecode.swift; path = ContentView.swift; sourceTree = "<group>"; };
		C10C546823D079EB005205C1 /* Assets.xcassets */ = {isa = PBXFileReference; lastKnownFileType = folder.assetcatalog; path = Assets.xcassets; sourceTree = "<group>"; };
		C10C546B23D079EC005205C1 /* Preview Assets.xcassets */ = {isa = PBXFileReference; lastKnownFileType = folder.assetcatalog; path = "Preview Assets.xcassets"; sourceTree = "<group>"; };
		C10C546E23D079EC005205C1 /* Base */ = {isa = PBXFileReference; lastKnownFileType = file.storyboard; name = Base; path = Base.lproj/LaunchScreen.storyboard; sourceTree = "<group>"; };
		C10C547023D079EC005205C1 /* Info.plist */ = {isa = PBXFileReference; lastKnownFileType = text.plist.xml; path = Info.plist; sourceTree = "<group>"; };
		C10C547523D079EC005205C1 /* InstagramTests.xctest */ = {isa = PBXFileReference; explicitFileType = wrapper.cfbundle; includeInIndex = 0; path = InstagramTests.xctest; sourceTree = BUILT_PRODUCTS_DIR; };
		C10C547923D079EC005205C1 /* InstagramTests.swift */ = {isa = PBXFileReference; lastKnownFileType = sourcecode.swift; path = InstagramTests.swift; sourceTree = "<group>"; };
		C10C547B23D079EC005205C1 /* Info.plist */ = {isa = PBXFileReference; lastKnownFileType = text.plist.xml; path = Info.plist; sourceTree = "<group>"; };
		C10C548023D079EC005205C1 /* InstagramUITests.xctest */ = {isa = PBXFileReference; explicitFileType = wrapper.cfbundle; includeInIndex = 0; path = InstagramUITests.xctest; sourceTree = BUILT_PRODUCTS_DIR; };
		C10C548423D079EC005205C1 /* InstagramUITests.swift */ = {isa = PBXFileReference; lastKnownFileType = sourcecode.swift; path = InstagramUITests.swift; sourceTree = "<group>"; };
		C10C548623D079EC005205C1 /* Info.plist */ = {isa = PBXFileReference; lastKnownFileType = text.plist.xml; path = Info.plist; sourceTree = "<group>"; };
		C10C549223D07B0F005205C1 /* GoogleService-Info.plist */ = {isa = PBXFileReference; fileEncoding = 4; lastKnownFileType = text.plist.xml; path = "GoogleService-Info.plist"; sourceTree = "<group>"; };
		FDEB38EED614ECE8BA091D6C /* Pods-InstagramUITests.debug.xcconfig */ = {isa = PBXFileReference; includeInIndex = 1; lastKnownFileType = text.xcconfig; name = "Pods-InstagramUITests.debug.xcconfig"; path = "Target Support Files/Pods-InstagramUITests/Pods-InstagramUITests.debug.xcconfig"; sourceTree = "<group>"; };
/* End PBXFileReference section */

/* Begin PBXFrameworksBuildPhase section */
		C10C545C23D079D9005205C1 /* Frameworks */ = {
			isa = PBXFrameworksBuildPhase;
			buildActionMask = 2147483647;
			files = (
				C1CD9C2723D57D6F00215666 /* SDWebImageSwiftUI in Frameworks */,
				DF6DB287D78A455FED1617C6 /* Pods_Instagram.framework in Frameworks */,
			);
			runOnlyForDeploymentPostprocessing = 0;
		};
		C10C547223D079EC005205C1 /* Frameworks */ = {
			isa = PBXFrameworksBuildPhase;
			buildActionMask = 2147483647;
			files = (
				2B1D3B83F35266D776EF8A2C /* Pods_InstagramTests.framework in Frameworks */,
			);
			runOnlyForDeploymentPostprocessing = 0;
		};
		C10C547D23D079EC005205C1 /* Frameworks */ = {
			isa = PBXFrameworksBuildPhase;
			buildActionMask = 2147483647;
			files = (
				56BD5890B9504F446BC15455 /* Pods_InstagramUITests.framework in Frameworks */,
			);
			runOnlyForDeploymentPostprocessing = 0;
		};
/* End PBXFrameworksBuildPhase section */

/* Begin PBXGroup section */
		4F23A99CE2A2B44703C83E64 /* Pods */ = {
			isa = PBXGroup;
			children = (
				33A3B0509259DCDB5BE33750 /* Pods-Instagram.debug.xcconfig */,
				BA3E7632E30A152DC3022599 /* Pods-Instagram.release.xcconfig */,
				2B55BD69D1985229E81A2603 /* Pods-InstagramTests.debug.xcconfig */,
				477428C00B421BD798A62C3B /* Pods-InstagramTests.release.xcconfig */,
				FDEB38EED614ECE8BA091D6C /* Pods-InstagramUITests.debug.xcconfig */,
				2FA064D2D96719CD1A7F2B3A /* Pods-InstagramUITests.release.xcconfig */,
			);
			path = Pods;
			sourceTree = "<group>";
		};
		5D8312B2EAAAC829D0BFBAB7 /* Frameworks */ = {
			isa = PBXGroup;
			children = (
				B66B5178D31FC074BD9A360B /* Pods_Instagram.framework */,
				434631765D6283E0AE39C53A /* Pods_InstagramTests.framework */,
				64FD12C0F63BFFB8EF630DBC /* Pods_InstagramUITests.framework */,
			);
			name = Frameworks;
			sourceTree = "<group>";
		};
		C10C545623D079D9005205C1 = {
			isa = PBXGroup;
			children = (
				C10C546123D079D9005205C1 /* Instagram */,
				C10C547823D079EC005205C1 /* InstagramTests */,
				C10C548323D079EC005205C1 /* InstagramUITests */,
				C10C546023D079D9005205C1 /* Products */,
				4F23A99CE2A2B44703C83E64 /* Pods */,
				5D8312B2EAAAC829D0BFBAB7 /* Frameworks */,
			);
			sourceTree = "<group>";
		};
		C10C546023D079D9005205C1 /* Products */ = {
			isa = PBXGroup;
			children = (
				C10C545F23D079D9005205C1 /* Instagram.app */,
				C10C547523D079EC005205C1 /* InstagramTests.xctest */,
				C10C548023D079EC005205C1 /* InstagramUITests.xctest */,
			);
			name = Products;
			sourceTree = "<group>";
		};
		C10C546123D079D9005205C1 /* Instagram */ = {
			isa = PBXGroup;
			children = (
				C10C549223D07B0F005205C1 /* GoogleService-Info.plist */,
				C10C546223D079D9005205C1 /* AppDelegate.swift */,
				C10C546423D079D9005205C1 /* SceneDelegate.swift */,
				C10C546623D079D9005205C1 /* ContentView.swift */,
				C10C546823D079EB005205C1 /* Assets.xcassets */,
				C10C546D23D079EC005205C1 /* LaunchScreen.storyboard */,
				C10C547023D079EC005205C1 /* Info.plist */,
				C10C546A23D079EC005205C1 /* Preview Content */,
			);
			path = Instagram;
			sourceTree = "<group>";
		};
		C10C546A23D079EC005205C1 /* Preview Content */ = {
			isa = PBXGroup;
			children = (
				C10C546B23D079EC005205C1 /* Preview Assets.xcassets */,
			);
			path = "Preview Content";
			sourceTree = "<group>";
		};
		C10C547823D079EC005205C1 /* InstagramTests */ = {
			isa = PBXGroup;
			children = (
				C10C547923D079EC005205C1 /* InstagramTests.swift */,
				C10C547B23D079EC005205C1 /* Info.plist */,
			);
			path = InstagramTests;
			sourceTree = "<group>";
		};
		C10C548323D079EC005205C1 /* InstagramUITests */ = {
			isa = PBXGroup;
			children = (
				C10C548423D079EC005205C1 /* InstagramUITests.swift */,
				C10C548623D079EC005205C1 /* Info.plist */,
			);
			path = InstagramUITests;
			sourceTree = "<group>";
		};
/* End PBXGroup section */

/* Begin PBXNativeTarget section */
		C10C545E23D079D9005205C1 /* Instagram */ = {
			isa = PBXNativeTarget;
			buildConfigurationList = C10C548923D079EC005205C1 /* Build configuration list for PBXNativeTarget "Instagram" */;
			buildPhases = (
				5EB66B999DB298AF7E48AEA5 /* [CP] Check Pods Manifest.lock */,
				C10C545B23D079D9005205C1 /* Sources */,
				C10C545C23D079D9005205C1 /* Frameworks */,
				C10C545D23D079D9005205C1 /* Resources */,
				A908097B913DB14CA40E695F /* [CP] Embed Pods Frameworks */,
			);
			buildRules = (
			);
			dependencies = (
			);
			name = Instagram;
			packageProductDependencies = (
				C1CD9C2623D57D6F00215666 /* SDWebImageSwiftUI */,
			);
			productName = Instagram;
			productReference = C10C545F23D079D9005205C1 /* Instagram.app */;
			productType = "com.apple.product-type.application";
		};
		C10C547423D079EC005205C1 /* InstagramTests */ = {
			isa = PBXNativeTarget;
			buildConfigurationList = C10C548C23D079EC005205C1 /* Build configuration list for PBXNativeTarget "InstagramTests" */;
			buildPhases = (
				A0EB8E8F4E2BE2283F68C126 /* [CP] Check Pods Manifest.lock */,
				C10C547123D079EC005205C1 /* Sources */,
				C10C547223D079EC005205C1 /* Frameworks */,
				C10C547323D079EC005205C1 /* Resources */,
			);
			buildRules = (
			);
			dependencies = (
				C10C547723D079EC005205C1 /* PBXTargetDependency */,
			);
			name = InstagramTests;
			productName = InstagramTests;
			productReference = C10C547523D079EC005205C1 /* InstagramTests.xctest */;
			productType = "com.apple.product-type.bundle.unit-test";
		};
		C10C547F23D079EC005205C1 /* InstagramUITests */ = {
			isa = PBXNativeTarget;
			buildConfigurationList = C10C548F23D079EC005205C1 /* Build configuration list for PBXNativeTarget "InstagramUITests" */;
			buildPhases = (
				3C19A5BF241AA619DC0DCFA0 /* [CP] Check Pods Manifest.lock */,
				C10C547C23D079EC005205C1 /* Sources */,
				C10C547D23D079EC005205C1 /* Frameworks */,
				C10C547E23D079EC005205C1 /* Resources */,
			);
			buildRules = (
			);
			dependencies = (
				C10C548223D079EC005205C1 /* PBXTargetDependency */,
			);
			name = InstagramUITests;
			productName = InstagramUITests;
			productReference = C10C548023D079EC005205C1 /* InstagramUITests.xctest */;
			productType = "com.apple.product-type.bundle.ui-testing";
		};
/* End PBXNativeTarget section */

/* Begin PBXProject section */
		C10C545723D079D9005205C1 /* Project object */ = {
			isa = PBXProject;
			attributes = {
				LastSwiftUpdateCheck = 1110;
				LastUpgradeCheck = 1110;
				ORGANIZATIONNAME = "Dhanush S";
				TargetAttributes = {
					C10C545E23D079D9005205C1 = {
						CreatedOnToolsVersion = 11.1;
					};
					C10C547423D079EC005205C1 = {
						CreatedOnToolsVersion = 11.1;
						TestTargetID = C10C545E23D079D9005205C1;
					};
					C10C547F23D079EC005205C1 = {
						CreatedOnToolsVersion = 11.1;
						TestTargetID = C10C545E23D079D9005205C1;
					};
				};
			};
			buildConfigurationList = C10C545A23D079D9005205C1 /* Build configuration list for PBXProject "Instagram" */;
			compatibilityVersion = "Xcode 9.3";
			developmentRegion = en;
			hasScannedForEncodings = 0;
			knownRegions = (
				en,
				Base,
			);
			mainGroup = C10C545623D079D9005205C1;
			packageReferences = (
				C1CD9C2523D57D6F00215666 /* XCRemoteSwiftPackageReference "SDWebImageSwiftUI" */,
			);
			productRefGroup = C10C546023D079D9005205C1 /* Products */;
			projectDirPath = "";
			projectRoot = "";
			targets = (
				C10C545E23D079D9005205C1 /* Instagram */,
				C10C547423D079EC005205C1 /* InstagramTests */,
				C10C547F23D079EC005205C1 /* InstagramUITests */,
			);
		};
/* End PBXProject section */

/* Begin PBXResourcesBuildPhase section */
		C10C545D23D079D9005205C1 /* Resources */ = {
			isa = PBXResourcesBuildPhase;
			buildActionMask = 2147483647;
			files = (
				C10C546F23D079EC005205C1 /* LaunchScreen.storyboard in Resources */,
				C10C546C23D079EC005205C1 /* Preview Assets.xcassets in Resources */,
				C10C546923D079EB005205C1 /* Assets.xcassets in Resources */,
				C10C549323D07B0F005205C1 /* GoogleService-Info.plist in Resources */,
			);
			runOnlyForDeploymentPostprocessing = 0;
		};
		C10C547323D079EC005205C1 /* Resources */ = {
			isa = PBXResourcesBuildPhase;
			buildActionMask = 2147483647;
			files = (
			);
			runOnlyForDeploymentPostprocessing = 0;
		};
		C10C547E23D079EC005205C1 /* Resources */ = {
			isa = PBXResourcesBuildPhase;
			buildActionMask = 2147483647;
			files = (
			);
			runOnlyForDeploymentPostprocessing = 0;
		};
/* End PBXResourcesBuildPhase section */

/* Begin PBXShellScriptBuildPhase section */
		3C19A5BF241AA619DC0DCFA0 /* [CP] Check Pods Manifest.lock */ = {
			isa = PBXShellScriptBuildPhase;
			buildActionMask = 2147483647;
			files = (
			);
			inputFileListPaths = (
			);
			inputPaths = (
				"${PODS_PODFILE_DIR_PATH}/Podfile.lock",
				"${PODS_ROOT}/Manifest.lock",
			);
			name = "[CP] Check Pods Manifest.lock";
			outputFileListPaths = (
			);
			outputPaths = (
				"$(DERIVED_FILE_DIR)/Pods-InstagramUITests-checkManifestLockResult.txt",
			);
			runOnlyForDeploymentPostprocessing = 0;
			shellPath = /bin/sh;
			shellScript = "diff \"${PODS_PODFILE_DIR_PATH}/Podfile.lock\" \"${PODS_ROOT}/Manifest.lock\" > /dev/null\nif [ $? != 0 ] ; then\n    # print error to STDERR\n    echo \"error: The sandbox is not in sync with the Podfile.lock. Run 'pod install' or update your CocoaPods installation.\" >&2\n    exit 1\nfi\n# This output is used by Xcode 'outputs' to avoid re-running this script phase.\necho \"SUCCESS\" > \"${SCRIPT_OUTPUT_FILE_0}\"\n";
			showEnvVarsInLog = 0;
		};
		5EB66B999DB298AF7E48AEA5 /* [CP] Check Pods Manifest.lock */ = {
			isa = PBXShellScriptBuildPhase;
			buildActionMask = 2147483647;
			files = (
			);
			inputFileListPaths = (
			);
			inputPaths = (
				"${PODS_PODFILE_DIR_PATH}/Podfile.lock",
				"${PODS_ROOT}/Manifest.lock",
			);
			name = "[CP] Check Pods Manifest.lock";
			outputFileListPaths = (
			);
			outputPaths = (
				"$(DERIVED_FILE_DIR)/Pods-Instagram-checkManifestLockResult.txt",
			);
			runOnlyForDeploymentPostprocessing = 0;
			shellPath = /bin/sh;
			shellScript = "diff \"${PODS_PODFILE_DIR_PATH}/Podfile.lock\" \"${PODS_ROOT}/Manifest.lock\" > /dev/null\nif [ $? != 0 ] ; then\n    # print error to STDERR\n    echo \"error: The sandbox is not in sync with the Podfile.lock. Run 'pod install' or update your CocoaPods installation.\" >&2\n    exit 1\nfi\n# This output is used by Xcode 'outputs' to avoid re-running this script phase.\necho \"SUCCESS\" > \"${SCRIPT_OUTPUT_FILE_0}\"\n";
			showEnvVarsInLog = 0;
		};
		A0EB8E8F4E2BE2283F68C126 /* [CP] Check Pods Manifest.lock */ = {
			isa = PBXShellScriptBuildPhase;
			buildActionMask = 2147483647;
			files = (
			);
			inputFileListPaths = (
			);
			inputPaths = (
				"${PODS_PODFILE_DIR_PATH}/Podfile.lock",
				"${PODS_ROOT}/Manifest.lock",
			);
			name = "[CP] Check Pods Manifest.lock";
			outputFileListPaths = (
			);
			outputPaths = (
				"$(DERIVED_FILE_DIR)/Pods-InstagramTests-checkManifestLockResult.txt",
			);
			runOnlyForDeploymentPostprocessing = 0;
			shellPath = /bin/sh;
			shellScript = "diff \"${PODS_PODFILE_DIR_PATH}/Podfile.lock\" \"${PODS_ROOT}/Manifest.lock\" > /dev/null\nif [ $? != 0 ] ; then\n    # print error to STDERR\n    echo \"error: The sandbox is not in sync with the Podfile.lock. Run 'pod install' or update your CocoaPods installation.\" >&2\n    exit 1\nfi\n# This output is used by Xcode 'outputs' to avoid re-running this script phase.\necho \"SUCCESS\" > \"${SCRIPT_OUTPUT_FILE_0}\"\n";
			showEnvVarsInLog = 0;
		};
		A908097B913DB14CA40E695F /* [CP] Embed Pods Frameworks */ = {
			isa = PBXShellScriptBuildPhase;
			buildActionMask = 2147483647;
			files = (
			);
			inputFileListPaths = (
				"${PODS_ROOT}/Target Support Files/Pods-Instagram/Pods-Instagram-frameworks-${CONFIGURATION}-input-files.xcfilelist",
			);
			name = "[CP] Embed Pods Frameworks";
			outputFileListPaths = (
				"${PODS_ROOT}/Target Support Files/Pods-Instagram/Pods-Instagram-frameworks-${CONFIGURATION}-output-files.xcfilelist",
			);
			runOnlyForDeploymentPostprocessing = 0;
			shellPath = /bin/sh;
			shellScript = "\"${PODS_ROOT}/Target Support Files/Pods-Instagram/Pods-Instagram-frameworks.sh\"\n";
			showEnvVarsInLog = 0;
		};
/* End PBXShellScriptBuildPhase section */

/* Begin PBXSourcesBuildPhase section */
		C10C545B23D079D9005205C1 /* Sources */ = {
			isa = PBXSourcesBuildPhase;
			buildActionMask = 2147483647;
			files = (
				C10C546323D079D9005205C1 /* AppDelegate.swift in Sources */,
				C10C546523D079D9005205C1 /* SceneDelegate.swift in Sources */,
				C10C546723D079D9005205C1 /* ContentView.swift in Sources */,
			);
			runOnlyForDeploymentPostprocessing = 0;
		};
		C10C547123D079EC005205C1 /* Sources */ = {
			isa = PBXSourcesBuildPhase;
			buildActionMask = 2147483647;
			files = (
				C10C547A23D079EC005205C1 /* InstagramTests.swift in Sources */,
			);
			runOnlyForDeploymentPostprocessing = 0;
		};
		C10C547C23D079EC005205C1 /* Sources */ = {
			isa = PBXSourcesBuildPhase;
			buildActionMask = 2147483647;
			files = (
				C10C548523D079EC005205C1 /* InstagramUITests.swift in Sources */,
			);
			runOnlyForDeploymentPostprocessing = 0;
		};
/* End PBXSourcesBuildPhase section */

/* Begin PBXTargetDependency section */
		C10C547723D079EC005205C1 /* PBXTargetDependency */ = {
			isa = PBXTargetDependency;
			target = C10C545E23D079D9005205C1 /* Instagram */;
			targetProxy = C10C547623D079EC005205C1 /* PBXContainerItemProxy */;
		};
		C10C548223D079EC005205C1 /* PBXTargetDependency */ = {
			isa = PBXTargetDependency;
			target = C10C545E23D079D9005205C1 /* Instagram */;
			targetProxy = C10C548123D079EC005205C1 /* PBXContainerItemProxy */;
		};
/* End PBXTargetDependency section */

/* Begin PBXVariantGroup section */
		C10C546D23D079EC005205C1 /* LaunchScreen.storyboard */ = {
			isa = PBXVariantGroup;
			children = (
				C10C546E23D079EC005205C1 /* Base */,
			);
			name = LaunchScreen.storyboard;
			sourceTree = "<group>";
		};
/* End PBXVariantGroup section */

/* Begin XCBuildConfiguration section */
		C10C548723D079EC005205C1 /* Debug */ = {
			isa = XCBuildConfiguration;
			buildSettings = {
				ALWAYS_SEARCH_USER_PATHS = NO;
				CLANG_ANALYZER_NONNULL = YES;
				CLANG_ANALYZER_NUMBER_OBJECT_CONVERSION = YES_AGGRESSIVE;
				CLANG_CXX_LANGUAGE_STANDARD = "gnu++14";
				CLANG_CXX_LIBRARY = "libc++";
				CLANG_ENABLE_MODULES = YES;
				CLANG_ENABLE_OBJC_ARC = YES;
				CLANG_ENABLE_OBJC_WEAK = YES;
				CLANG_WARN_BLOCK_CAPTURE_AUTORELEASING = YES;
				CLANG_WARN_BOOL_CONVERSION = YES;
				CLANG_WARN_COMMA = YES;
				CLANG_WARN_CONSTANT_CONVERSION = YES;
				CLANG_WARN_DEPRECATED_OBJC_IMPLEMENTATIONS = YES;
				CLANG_WARN_DIRECT_OBJC_ISA_USAGE = YES_ERROR;
				CLANG_WARN_DOCUMENTATION_COMMENTS = YES;
				CLANG_WARN_EMPTY_BODY = YES;
				CLANG_WARN_ENUM_CONVERSION = YES;
				CLANG_WARN_INFINITE_RECURSION = YES;
				CLANG_WARN_INT_CONVERSION = YES;
				CLANG_WARN_NON_LITERAL_NULL_CONVERSION = YES;
				CLANG_WARN_OBJC_IMPLICIT_RETAIN_SELF = YES;
				CLANG_WARN_OBJC_LITERAL_CONVERSION = YES;
				CLANG_WARN_OBJC_ROOT_CLASS = YES_ERROR;
				CLANG_WARN_RANGE_LOOP_ANALYSIS = YES;
				CLANG_WARN_STRICT_PROTOTYPES = YES;
				CLANG_WARN_SUSPICIOUS_MOVE = YES;
				CLANG_WARN_UNGUARDED_AVAILABILITY = YES_AGGRESSIVE;
				CLANG_WARN_UNREACHABLE_CODE = YES;
				CLANG_WARN__DUPLICATE_METHOD_MATCH = YES;
				COPY_PHASE_STRIP = NO;
				DEBUG_INFORMATION_FORMAT = dwarf;
				ENABLE_STRICT_OBJC_MSGSEND = YES;
				ENABLE_TESTABILITY = YES;
				GCC_C_LANGUAGE_STANDARD = gnu11;
				GCC_DYNAMIC_NO_PIC = NO;
				GCC_NO_COMMON_BLOCKS = YES;
				GCC_OPTIMIZATION_LEVEL = 0;
				GCC_PREPROCESSOR_DEFINITIONS = (
					"DEBUG=1",
					"$(inherited)",
				);
				GCC_WARN_64_TO_32_BIT_CONVERSION = YES;
				GCC_WARN_ABOUT_RETURN_TYPE = YES_ERROR;
				GCC_WARN_UNDECLARED_SELECTOR = YES;
				GCC_WARN_UNINITIALIZED_AUTOS = YES_AGGRESSIVE;
				GCC_WARN_UNUSED_FUNCTION = YES;
				GCC_WARN_UNUSED_VARIABLE = YES;
				IPHONEOS_DEPLOYMENT_TARGET = 13.1;
				MTL_ENABLE_DEBUG_INFO = INCLUDE_SOURCE;
				MTL_FAST_MATH = YES;
				ONLY_ACTIVE_ARCH = YES;
				SDKROOT = iphoneos;
				SWIFT_ACTIVE_COMPILATION_CONDITIONS = DEBUG;
				SWIFT_OPTIMIZATION_LEVEL = "-Onone";
			};
			name = Debug;
		};
		C10C548823D079EC005205C1 /* Release */ = {
			isa = XCBuildConfiguration;
			buildSettings = {
				ALWAYS_SEARCH_USER_PATHS = NO;
				CLANG_ANALYZER_NONNULL = YES;
				CLANG_ANALYZER_NUMBER_OBJECT_CONVERSION = YES_AGGRESSIVE;
				CLANG_CXX_LANGUAGE_STANDARD = "gnu++14";
				CLANG_CXX_LIBRARY = "libc++";
				CLANG_ENABLE_MODULES = YES;
				CLANG_ENABLE_OBJC_ARC = YES;
				CLANG_ENABLE_OBJC_WEAK = YES;
				CLANG_WARN_BLOCK_CAPTURE_AUTORELEASING = YES;
				CLANG_WARN_BOOL_CONVERSION = YES;
				CLANG_WARN_COMMA = YES;
				CLANG_WARN_CONSTANT_CONVERSION = YES;
				CLANG_WARN_DEPRECATED_OBJC_IMPLEMENTATIONS = YES;
				CLANG_WARN_DIRECT_OBJC_ISA_USAGE = YES_ERROR;
				CLANG_WARN_DOCUMENTATION_COMMENTS = YES;
				CLANG_WARN_EMPTY_BODY = YES;
				CLANG_WARN_ENUM_CONVERSION = YES;
				CLANG_WARN_INFINITE_RECURSION = YES;
				CLANG_WARN_INT_CONVERSION = YES;
				CLANG_WARN_NON_LITERAL_NULL_CONVERSION = YES;
				CLANG_WARN_OBJC_IMPLICIT_RETAIN_SELF = YES;
				CLANG_WARN_OBJC_LITERAL_CONVERSION = YES;
				CLANG_WARN_OBJC_ROOT_CLASS = YES_ERROR;
				CLANG_WARN_RANGE_LOOP_ANALYSIS = YES;
				CLANG_WARN_STRICT_PROTOTYPES = YES;
				CLANG_WARN_SUSPICIOUS_MOVE = YES;
				CLANG_WARN_UNGUARDED_AVAILABILITY = YES_AGGRESSIVE;
				CLANG_WARN_UNREACHABLE_CODE = YES;
				CLANG_WARN__DUPLICATE_METHOD_MATCH = YES;
				COPY_PHASE_STRIP = NO;
				DEBUG_INFORMATION_FORMAT = "dwarf-with-dsym";
				ENABLE_NS_ASSERTIONS = NO;
				ENABLE_STRICT_OBJC_MSGSEND = YES;
				GCC_C_LANGUAGE_STANDARD = gnu11;
				GCC_NO_COMMON_BLOCKS = YES;
				GCC_WARN_64_TO_32_BIT_CONVERSION = YES;
				GCC_WARN_ABOUT_RETURN_TYPE = YES_ERROR;
				GCC_WARN_UNDECLARED_SELECTOR = YES;
				GCC_WARN_UNINITIALIZED_AUTOS = YES_AGGRESSIVE;
				GCC_WARN_UNUSED_FUNCTION = YES;
				GCC_WARN_UNUSED_VARIABLE = YES;
				IPHONEOS_DEPLOYMENT_TARGET = 13.1;
				MTL_ENABLE_DEBUG_INFO = NO;
				MTL_FAST_MATH = YES;
				SDKROOT = iphoneos;
				SWIFT_COMPILATION_MODE = wholemodule;
				SWIFT_OPTIMIZATION_LEVEL = "-O";
				VALIDATE_PRODUCT = YES;
			};
			name = Release;
		};
		C10C548A23D079EC005205C1 /* Debug */ = {
			isa = XCBuildConfiguration;
			baseConfigurationReference = 33A3B0509259DCDB5BE33750 /* Pods-Instagram.debug.xcconfig */;
			buildSettings = {
				ASSETCATALOG_COMPILER_APPICON_NAME = AppIcon;
				CODE_SIGN_STYLE = Automatic;
				DEVELOPMENT_ASSET_PATHS = "\"Instagram/Preview Content\"";
				ENABLE_PREVIEWS = YES;
				INFOPLIST_FILE = Instagram/Info.plist;
				LD_RUNPATH_SEARCH_PATHS = (
					"$(inherited)",
					"@executable_path/Frameworks",
				);
				PRODUCT_BUNDLE_IDENTIFIER = SwiftUI.Instagram;
				PRODUCT_NAME = "$(TARGET_NAME)";
				SWIFT_VERSION = 5.0;
				TARGETED_DEVICE_FAMILY = "1,2";
			};
			name = Debug;
		};
		C10C548B23D079EC005205C1 /* Release */ = {
			isa = XCBuildConfiguration;
			baseConfigurationReference = BA3E7632E30A152DC3022599 /* Pods-Instagram.release.xcconfig */;
			buildSettings = {
				ASSETCATALOG_COMPILER_APPICON_NAME = AppIcon;
				CODE_SIGN_STYLE = Automatic;
				DEVELOPMENT_ASSET_PATHS = "\"Instagram/Preview Content\"";
				ENABLE_PREVIEWS = YES;
				INFOPLIST_FILE = Instagram/Info.plist;
				LD_RUNPATH_SEARCH_PATHS = (
					"$(inherited)",
					"@executable_path/Frameworks",
				);
				PRODUCT_BUNDLE_IDENTIFIER = SwiftUI.Instagram;
				PRODUCT_NAME = "$(TARGET_NAME)";
				SWIFT_VERSION = 5.0;
				TARGETED_DEVICE_FAMILY = "1,2";
			};
			name = Release;
		};
		C10C548D23D079EC005205C1 /* Debug */ = {
			isa = XCBuildConfiguration;
			baseConfigurationReference = 2B55BD69D1985229E81A2603 /* Pods-InstagramTests.debug.xcconfig */;
			buildSettings = {
				ALWAYS_EMBED_SWIFT_STANDARD_LIBRARIES = YES;
				BUNDLE_LOADER = "$(TEST_HOST)";
				CODE_SIGN_STYLE = Automatic;
				INFOPLIST_FILE = InstagramTests/Info.plist;
				IPHONEOS_DEPLOYMENT_TARGET = 13.1;
				LD_RUNPATH_SEARCH_PATHS = (
					"$(inherited)",
					"@executable_path/Frameworks",
					"@loader_path/Frameworks",
				);
				PRODUCT_BUNDLE_IDENTIFIER = SwiftUI.InstagramTests;
				PRODUCT_NAME = "$(TARGET_NAME)";
				SWIFT_VERSION = 5.0;
				TARGETED_DEVICE_FAMILY = "1,2";
				TEST_HOST = "$(BUILT_PRODUCTS_DIR)/Instagram.app/Instagram";
			};
			name = Debug;
		};
		C10C548E23D079EC005205C1 /* Release */ = {
			isa = XCBuildConfiguration;
			baseConfigurationReference = 477428C00B421BD798A62C3B /* Pods-InstagramTests.release.xcconfig */;
			buildSettings = {
				ALWAYS_EMBED_SWIFT_STANDARD_LIBRARIES = YES;
				BUNDLE_LOADER = "$(TEST_HOST)";
				CODE_SIGN_STYLE = Automatic;
				INFOPLIST_FILE = InstagramTests/Info.plist;
				IPHONEOS_DEPLOYMENT_TARGET = 13.1;
				LD_RUNPATH_SEARCH_PATHS = (
					"$(inherited)",
					"@executable_path/Frameworks",
					"@loader_path/Frameworks",
				);
				PRODUCT_BUNDLE_IDENTIFIER = SwiftUI.InstagramTests;
				PRODUCT_NAME = "$(TARGET_NAME)";
				SWIFT_VERSION = 5.0;
				TARGETED_DEVICE_FAMILY = "1,2";
				TEST_HOST = "$(BUILT_PRODUCTS_DIR)/Instagram.app/Instagram";
			};
			name = Release;
		};
		C10C549023D079EC005205C1 /* Debug */ = {
			isa = XCBuildConfiguration;
			baseConfigurationReference = FDEB38EED614ECE8BA091D6C /* Pods-InstagramUITests.debug.xcconfig */;
			buildSettings = {
				ALWAYS_EMBED_SWIFT_STANDARD_LIBRARIES = YES;
				CODE_SIGN_STYLE = Automatic;
				INFOPLIST_FILE = InstagramUITests/Info.plist;
				LD_RUNPATH_SEARCH_PATHS = (
					"$(inherited)",
					"@executable_path/Frameworks",
					"@loader_path/Frameworks",
				);
				PRODUCT_BUNDLE_IDENTIFIER = SwiftUI.InstagramUITests;
				PRODUCT_NAME = "$(TARGET_NAME)";
				SWIFT_VERSION = 5.0;
				TARGETED_DEVICE_FAMILY = "1,2";
				TEST_TARGET_NAME = Instagram;
			};
			name = Debug;
		};
		C10C549123D079EC005205C1 /* Release */ = {
			isa = XCBuildConfiguration;
			baseConfigurationReference = 2FA064D2D96719CD1A7F2B3A /* Pods-InstagramUITests.release.xcconfig */;
			buildSettings = {
				ALWAYS_EMBED_SWIFT_STANDARD_LIBRARIES = YES;
				CODE_SIGN_STYLE = Automatic;
				INFOPLIST_FILE = InstagramUITests/Info.plist;
				LD_RUNPATH_SEARCH_PATHS = (
					"$(inherited)",
					"@executable_path/Frameworks",
					"@loader_path/Frameworks",
				);
				PRODUCT_BUNDLE_IDENTIFIER = SwiftUI.InstagramUITests;
				PRODUCT_NAME = "$(TARGET_NAME)";
				SWIFT_VERSION = 5.0;
				TARGETED_DEVICE_FAMILY = "1,2";
				TEST_TARGET_NAME = Instagram;
			};
			name = Release;
		};
/* End XCBuildConfiguration section */

/* Begin XCConfigurationList section */
		C10C545A23D079D9005205C1 /* Build configuration list for PBXProject "Instagram" */ = {
			isa = XCConfigurationList;
			buildConfigurations = (
				C10C548723D079EC005205C1 /* Debug */,
				C10C548823D079EC005205C1 /* Release */,
			);
			defaultConfigurationIsVisible = 0;
			defaultConfigurationName = Release;
		};
		C10C548923D079EC005205C1 /* Build configuration list for PBXNativeTarget "Instagram" */ = {
			isa = XCConfigurationList;
			buildConfigurations = (
				C10C548A23D079EC005205C1 /* Debug */,
				C10C548B23D079EC005205C1 /* Release */,
			);
			defaultConfigurationIsVisible = 0;
			defaultConfigurationName = Release;
		};
		C10C548C23D079EC005205C1 /* Build configuration list for PBXNativeTarget "InstagramTests" */ = {
			isa = XCConfigurationList;
			buildConfigurations = (
				C10C548D23D079EC005205C1 /* Debug */,
				C10C548E23D079EC005205C1 /* Release */,
			);
			defaultConfigurationIsVisible = 0;
			defaultConfigurationName = Release;
		};
		C10C548F23D079EC005205C1 /* Build configuration list for PBXNativeTarget "InstagramUITests" */ = {
			isa = XCConfigurationList;
			buildConfigurations = (
				C10C549023D079EC005205C1 /* Debug */,
				C10C549123D079EC005205C1 /* Release */,
			);
			defaultConfigurationIsVisible = 0;
			defaultConfigurationName = Release;
		};
/* End XCConfigurationList section */

/* Begin XCRemoteSwiftPackageReference section */
		C1CD9C2523D57D6F00215666 /* XCRemoteSwiftPackageReference "SDWebImageSwiftUI" */ = {
			isa = XCRemoteSwiftPackageReference;
			repositoryURL = "https://github.com/SDWebImage/SDWebImageSwiftUI.git";
			requirement = {
				kind = upToNextMajorVersion;
				minimumVersion = 0.10.0;
			};
		};
/* End XCRemoteSwiftPackageReference section */

/* Begin XCSwiftPackageProductDependency section */
		C1CD9C2623D57D6F00215666 /* SDWebImageSwiftUI */ = {
			isa = XCSwiftPackageProductDependency;
			package = C1CD9C2523D57D6F00215666 /* XCRemoteSwiftPackageReference "SDWebImageSwiftUI" */;
			productName = SDWebImageSwiftUI;
		};
/* End XCSwiftPackageProductDependency section */
	};
	rootObject = C10C545723D079D9005205C1 /* Project object */;
}
